
Microsoft Visual Studio Solution File, Format Version 12.00
# Visual Studio 15
VisualStudioVersion = 15.0.27004.2002
MinimumVisualStudioVersion = 10.0.40219.1
Project("{9A19103F-16F7-4668-BE54-9A1E7A4F7556}") = "CarTracker.Common", "CarTracker.Common\CarTracker.Common.csproj", "{9B0D90E6-5C11-4A47-ACB4-4326A0D7B635}"
EndProject
Project("{9A19103F-16F7-4668-BE54-9A1E7A4F7556}") = "CarTracker.Data", "CarTracker.Data\CarTracker.Data.csproj", "{6D666297-6470-4BFD-8322-8045C3FBCEE2}"
EndProject
Project("{9A19103F-16F7-4668-BE54-9A1E7A4F7556}") = "CarTracker.Logic", "CarTracker.Logic\CarTracker.Logic.csproj", "{E130F805-30BB-4432-A409-A94243BAE5C7}"
EndProject
Project("{9A19103F-16F7-4668-BE54-9A1E7A4F7556}") = "CarTracker.Web", "CarTracker.Web\CarTracker.Web.csproj", "{06EEADD3-6F73-4B85-9E38-0E1FDD382198}"
EndProject
Project("{FAE04EC0-301F-11D3-BF4B-00C04F79EFBC}") = "CarTracker.GooglePlaceRequester", "CarTracker.GooglePlaceRequester\CarTracker.GooglePlaceRequester.csproj", "{D4F60B59-E721-4C9B-82C6-7D5231CE1484}"
EndProject
Global
	GlobalSection(SolutionConfigurationPlatforms) = preSolution
		Debug|Any CPU = Debug|Any CPU
		Release|Any CPU = Release|Any CPU
	EndGlobalSection
	GlobalSection(ProjectConfigurationPlatforms) = postSolution
		{9B0D90E6-5C11-4A47-ACB4-4326A0D7B635}.Debug|Any CPU.ActiveCfg = Debug|Any CPU
		{9B0D90E6-5C11-4A47-ACB4-4326A0D7B635}.Debug|Any CPU.Build.0 = Debug|Any CPU
		{9B0D90E6-5C11-4A47-ACB4-4326A0D7B635}.Release|Any CPU.ActiveCfg = Release|Any CPU
		{9B0D90E6-5C11-4A47-ACB4-4326A0D7B635}.Release|Any CPU.Build.0 = Release|Any CPU
		{6D666297-6470-4BFD-8322-8045C3FBCEE2}.Debug|Any CPU.ActiveCfg = Debug|Any CPU
		{6D666297-6470-4BFD-8322-8045C3FBCEE2}.Debug|Any CPU.Build.0 = Debug|Any CPU
		{6D666297-6470-4BFD-8322-8045C3FBCEE2}.Release|Any CPU.ActiveCfg = Release|Any CPU
		{6D666297-6470-4BFD-8322-8045C3FBCEE2}.Release|Any CPU.Build.0 = Release|Any CPU
		{E130F805-30BB-4432-A409-A94243BAE5C7}.Debug|Any CPU.ActiveCfg = Debug|Any CPU
		{E130F805-30BB-4432-A409-A94243BAE5C7}.Debug|Any CPU.Build.0 = Debug|Any CPU
		{E130F805-30BB-4432-A409-A94243BAE5C7}.Release|Any CPU.ActiveCfg = Release|Any CPU
		{E130F805-30BB-4432-A409-A94243BAE5C7}.Release|Any CPU.Build.0 = Release|Any CPU
		{06EEADD3-6F73-4B85-9E38-0E1FDD382198}.Debug|Any CPU.ActiveCfg = Debug|Any CPU
		{06EEADD3-6F73-4B85-9E38-0E1FDD382198}.Debug|Any CPU.Build.0 = Debug|Any CPU
		{06EEADD3-6F73-4B85-9E38-0E1FDD382198}.Release|Any CPU.ActiveCfg = Release|Any CPU
		{06EEADD3-6F73-4B85-9E38-0E1FDD382198}.Release|Any CPU.Build.0 = Release|Any CPU
		{D4F60B59-E721-4C9B-82C6-7D5231CE1484}.Debug|Any CPU.ActiveCfg = Debug|Any CPU
		{D4F60B59-E721-4C9B-82C6-7D5231CE1484}.Debug|Any CPU.Build.0 = Debug|Any CPU
		{D4F60B59-E721-4C9B-82C6-7D5231CE1484}.Release|Any CPU.ActiveCfg = Release|Any CPU
		{D4F60B59-E721-4C9B-82C6-7D5231CE1484}.Release|Any CPU.Build.0 = Release|Any CPU
	EndGlobalSection
	GlobalSection(SolutionProperties) = preSolution
		HideSolutionNode = FALSE
	EndGlobalSection
	GlobalSection(ExtensibilityGlobals) = postSolution
		SolutionGuid = {67A5B0D5-13F2-4032-B829-07B9963A725D}
	EndGlobalSection
EndGlobal
